// !$*UTF8*$!
{
	archiveVersion = 1;
	classes = {
	};
	objectVersion = 46;
	objects = {

/* Begin PBXBuildFile section */
		1E9AE16C1D623F7F000793FB /* AppDelegate.swift in Sources */ = {isa = PBXBuildFile; fileRef = 1E9AE16B1D623F7F000793FB /* AppDelegate.swift */; };
		1E9AE16E1D623F7F000793FB /* ViewController.swift in Sources */ = {isa = PBXBuildFile; fileRef = 1E9AE16D1D623F7F000793FB /* ViewController.swift */; };
		1E9AE1711D623F7F000793FB /* Main.storyboard in Resources */ = {isa = PBXBuildFile; fileRef = 1E9AE16F1D623F7F000793FB /* Main.storyboard */; };
		1E9AE1731D623F7F000793FB /* Assets.xcassets in Resources */ = {isa = PBXBuildFile; fileRef = 1E9AE1721D623F7F000793FB /* Assets.xcassets */; };
		1E9AE1761D623F7F000793FB /* LaunchScreen.storyboard in Resources */ = {isa = PBXBuildFile; fileRef = 1E9AE1741D623F7F000793FB /* LaunchScreen.storyboard */; };
		1E9AE17E1D624065000793FB /* LoginViewController.swift in Sources */ = {isa = PBXBuildFile; fileRef = 1E9AE17D1D624065000793FB /* LoginViewController.swift */; };
		1E9AE1841D6240C1000793FB /* FilterTableViewController.swift in Sources */ = {isa = PBXBuildFile; fileRef = 1E9AE1831D6240C1000793FB /* FilterTableViewController.swift */; };
		1E9AE1861D6240F5000793FB /* MapViewController.swift in Sources */ = {isa = PBXBuildFile; fileRef = 1E9AE1851D6240F5000793FB /* MapViewController.swift */; };
		1E9AE1881D624122000793FB /* ProfileScreenViewController.swift in Sources */ = {isa = PBXBuildFile; fileRef = 1E9AE1871D624122000793FB /* ProfileScreenViewController.swift */; };
		1E9AE18A1D6241E5000793FB /* AddVenueTableTableViewController.swift in Sources */ = {isa = PBXBuildFile; fileRef = 1E9AE1891D6241E5000793FB /* AddVenueTableTableViewController.swift */; };
		1E9AE18C1D62439F000793FB /* ExploreScreenViewController.swift in Sources */ = {isa = PBXBuildFile; fileRef = 1E9AE18B1D62439F000793FB /* ExploreScreenViewController.swift */; };
		1E9AE1AE1D637345000793FB /* VenueListTableViewController.swift in Sources */ = {isa = PBXBuildFile; fileRef = 1E9AE1AD1D637345000793FB /* VenueListTableViewController.swift */; };
		1E9AE1B01D63FE00000793FB /* secondFilterViewController.swift in Sources */ = {isa = PBXBuildFile; fileRef = 1E9AE1AF1D63FE00000793FB /* secondFilterViewController.swift */; };
		1EF998651D64337900F0D425 /* ResetPasswordViewController.swift in Sources */ = {isa = PBXBuildFile; fileRef = 1EF998641D64337900F0D425 /* ResetPasswordViewController.swift */; };
		1EF9986A1D64C21300F0D425 /* SIgnUPTableViewController.swift in Sources */ = {isa = PBXBuildFile; fileRef = 1EF998691D64C21300F0D425 /* SIgnUPTableViewController.swift */; };
		1EFBC7F81D652D67000B0BCA /* GoogleService-Info.plist in Resources */ = {isa = PBXBuildFile; fileRef = 1EFBC7F71D652D67000B0BCA /* GoogleService-Info.plist */; };
		1EFBC7FA1D654FD5000B0BCA /* Firebase in Resources */ = {isa = PBXBuildFile; fileRef = 1EFBC7F91D654FD5000B0BCA /* Firebase */; };
		1EFBC7FC1D655284000B0BCA /* libicucore.tbd in Frameworks */ = {isa = PBXBuildFile; fileRef = 1EFBC7FB1D655284000B0BCA /* libicucore.tbd */; };
		1EFBC8021D6604AB000B0BCA /* temp.m in Sources */ = {isa = PBXBuildFile; fileRef = 1EFBC8011D6604AB000B0BCA /* temp.m */; };
/* End PBXBuildFile section */

/* Begin PBXFileReference section */
		1E9AE1681D623F7F000793FB /* VenueList Final Project.app */ = {isa = PBXFileReference; explicitFileType = wrapper.application; includeInIndex = 0; path = "VenueList Final Project.app"; sourceTree = BUILT_PRODUCTS_DIR; };
		1E9AE16B1D623F7F000793FB /* AppDelegate.swift */ = {isa = PBXFileReference; lastKnownFileType = sourcecode.swift; path = AppDelegate.swift; sourceTree = "<group>"; };
		1E9AE16D1D623F7F000793FB /* ViewController.swift */ = {isa = PBXFileReference; lastKnownFileType = sourcecode.swift; path = ViewController.swift; sourceTree = "<group>"; };
		1E9AE1701D623F7F000793FB /* Base */ = {isa = PBXFileReference; lastKnownFileType = file.storyboard; name = Base; path = Base.lproj/Main.storyboard; sourceTree = "<group>"; };
		1E9AE1721D623F7F000793FB /* Assets.xcassets */ = {isa = PBXFileReference; lastKnownFileType = folder.assetcatalog; path = Assets.xcassets; sourceTree = "<group>"; };
		1E9AE1751D623F7F000793FB /* Base */ = {isa = PBXFileReference; lastKnownFileType = file.storyboard; name = Base; path = Base.lproj/LaunchScreen.storyboard; sourceTree = "<group>"; };
		1E9AE1771D623F7F000793FB /* Info.plist */ = {isa = PBXFileReference; lastKnownFileType = text.plist.xml; path = Info.plist; sourceTree = "<group>"; };
		1E9AE17D1D624065000793FB /* LoginViewController.swift */ = {isa = PBXFileReference; fileEncoding = 4; lastKnownFileType = sourcecode.swift; path = LoginViewController.swift; sourceTree = "<group>"; };
		1E9AE1831D6240C1000793FB /* FilterTableViewController.swift */ = {isa = PBXFileReference; fileEncoding = 4; lastKnownFileType = sourcecode.swift; path = FilterTableViewController.swift; sourceTree = "<group>"; };
		1E9AE1851D6240F5000793FB /* MapViewController.swift */ = {isa = PBXFileReference; fileEncoding = 4; lastKnownFileType = sourcecode.swift; path = MapViewController.swift; sourceTree = "<group>"; };
		1E9AE1871D624122000793FB /* ProfileScreenViewController.swift */ = {isa = PBXFileReference; fileEncoding = 4; lastKnownFileType = sourcecode.swift; path = ProfileScreenViewController.swift; sourceTree = "<group>"; };
		1E9AE1891D6241E5000793FB /* AddVenueTableTableViewController.swift */ = {isa = PBXFileReference; fileEncoding = 4; lastKnownFileType = sourcecode.swift; path = AddVenueTableTableViewController.swift; sourceTree = "<group>"; };
		1E9AE18B1D62439F000793FB /* ExploreScreenViewController.swift */ = {isa = PBXFileReference; fileEncoding = 4; lastKnownFileType = sourcecode.swift; name = ExploreScreenViewController.swift; path = ../ExploreScreenViewController.swift; sourceTree = "<group>"; };
		1E9AE1AD1D637345000793FB /* VenueListTableViewController.swift */ = {isa = PBXFileReference; fileEncoding = 4; lastKnownFileType = sourcecode.swift; name = VenueListTableViewController.swift; path = ../VenueListTableViewController.swift; sourceTree = "<group>"; };
		1E9AE1AF1D63FE00000793FB /* secondFilterViewController.swift */ = {isa = PBXFileReference; fileEncoding = 4; lastKnownFileType = sourcecode.swift; path = secondFilterViewController.swift; sourceTree = "<group>"; };
		1EF998641D64337900F0D425 /* ResetPasswordViewController.swift */ = {isa = PBXFileReference; fileEncoding = 4; lastKnownFileType = sourcecode.swift; path = ResetPasswordViewController.swift; sourceTree = "<group>"; };
		1EF998691D64C21300F0D425 /* SIgnUPTableViewController.swift */ = {isa = PBXFileReference; fileEncoding = 4; lastKnownFileType = sourcecode.swift; name = SIgnUPTableViewController.swift; path = ../SIgnUPTableViewController.swift; sourceTree = "<group>"; };
		1EFBC7F71D652D67000B0BCA /* GoogleService-Info.plist */ = {isa = PBXFileReference; fileEncoding = 4; lastKnownFileType = text.plist.xml; path = "GoogleService-Info.plist"; sourceTree = "<group>"; };
		1EFBC7F91D654FD5000B0BCA /* Firebase */ = {isa = PBXFileReference; lastKnownFileType = folder; name = Firebase; path = "VenueList Final Project/Firebase"; sourceTree = "<group>"; };
		1EFBC7FB1D655284000B0BCA /* libicucore.tbd */ = {isa = PBXFileReference; lastKnownFileType = "sourcecode.text-based-dylib-definition"; name = libicucore.tbd; path = usr/lib/libicucore.tbd; sourceTree = SDKROOT; };
		1EFBC7FE1D6602F5000B0BCA /* VenueList Final Project-Bridging-Header.h */ = {isa = PBXFileReference; lastKnownFileType = sourcecode.c.h; path = "VenueList Final Project-Bridging-Header.h"; sourceTree = "<group>"; };
		1EFBC8011D6604AB000B0BCA /* temp.m */ = {isa = PBXFileReference; fileEncoding = 4; lastKnownFileType = sourcecode.c.objc; name = temp.m; path = ../../../.Trash/temp.m; sourceTree = "<group>"; };
		1EFBC8031D66050F000B0BCA /* Firebase.h */ = {isa = PBXFileReference; lastKnownFileType = sourcecode.c.h; name = Firebase.h; path = Firebase/Firebase.h; sourceTree = "<group>"; };
/* End PBXFileReference section */

/* Begin PBXFrameworksBuildPhase section */
		1E9AE1651D623F7F000793FB /* Frameworks */ = {
			isa = PBXFrameworksBuildPhase;
			buildActionMask = 2147483647;
			files = (
				1EFBC7FC1D655284000B0BCA /* libicucore.tbd in Frameworks */,
			);
			runOnlyForDeploymentPostprocessing = 0;
		};
/* End PBXFrameworksBuildPhase section */

/* Begin PBXGroup section */
		1E9AE15F1D623F7F000793FB = {
			isa = PBXGroup;
			children = (
				1EFBC7FB1D655284000B0BCA /* libicucore.tbd */,
				1EFBC7F91D654FD5000B0BCA /* Firebase */,
				1E9AE16A1D623F7F000793FB /* VenueList Final Project */,
				1E9AE1691D623F7F000793FB /* Products */,
			);
			sourceTree = "<group>";
		};
		1E9AE1691D623F7F000793FB /* Products */ = {
			isa = PBXGroup;
			children = (
				1E9AE1681D623F7F000793FB /* VenueList Final Project.app */,
			);
			name = Products;
			sourceTree = "<group>";
		};
		1E9AE16A1D623F7F000793FB /* VenueList Final Project */ = {
			isa = PBXGroup;
			children = (
				1E9AE16B1D623F7F000793FB /* AppDelegate.swift */,
				1E9AE16D1D623F7F000793FB /* ViewController.swift */,
				1E9AE1831D6240C1000793FB /* FilterTableViewController.swift */,
				1E9AE1851D6240F5000793FB /* MapViewController.swift */,
				1E9AE1871D624122000793FB /* ProfileScreenViewController.swift */,
				1E9AE1891D6241E5000793FB /* AddVenueTableTableViewController.swift */,
				1E9AE16F1D623F7F000793FB /* Main.storyboard */,
				1E9AE1AD1D637345000793FB /* VenueListTableViewController.swift */,
				1E9AE1AF1D63FE00000793FB /* secondFilterViewController.swift */,
				1E9AE1721D623F7F000793FB /* Assets.xcassets */,
				1E9AE1741D623F7F000793FB /* LaunchScreen.storyboard */,
				1E9AE1771D623F7F000793FB /* Info.plist */,
				1EFBC7F71D652D67000B0BCA /* GoogleService-Info.plist */,
				1EF998661D64338800F0D425 /* Login */,
				1EFBC7FE1D6602F5000B0BCA /* VenueList Final Project-Bridging-Header.h */,
			);
			path = "VenueList Final Project";
			sourceTree = "<group>";
		};
		1EF998661D64338800F0D425 /* Login */ = {
			isa = PBXGroup;
			children = (
				1EF998691D64C21300F0D425 /* SIgnUPTableViewController.swift */,
				1E9AE18B1D62439F000793FB /* ExploreScreenViewController.swift */,
				1E9AE17D1D624065000793FB /* LoginViewController.swift */,
				1EF998641D64337900F0D425 /* ResetPasswordViewController.swift */,
				1EFBC8031D66050F000B0BCA /* Firebase.h */,
				1EFBC8011D6604AB000B0BCA /* temp.m */,
			);
			name = Login;
			sourceTree = "<group>";
		};
/* End PBXGroup section */

/* Begin PBXNativeTarget section */
		1E9AE1671D623F7F000793FB /* VenueList Final Project */ = {
			isa = PBXNativeTarget;
			buildConfigurationList = 1E9AE17A1D623F7F000793FB /* Build configuration list for PBXNativeTarget "VenueList Final Project" */;
			buildPhases = (
				1E9AE1641D623F7F000793FB /* Sources */,
				1E9AE1651D623F7F000793FB /* Frameworks */,
				1E9AE1661D623F7F000793FB /* Resources */,
			);
			buildRules = (
			);
			dependencies = (
			);
			name = "VenueList Final Project";
			productName = "VenueList Final Project";
			productReference = 1E9AE1681D623F7F000793FB /* VenueList Final Project.app */;
			productType = "com.apple.product-type.application";
		};
/* End PBXNativeTarget section */

/* Begin PBXProject section */
		1E9AE1601D623F7F000793FB /* Project object */ = {
			isa = PBXProject;
			attributes = {
				LastSwiftUpdateCheck = 0730;
				LastUpgradeCheck = 0730;
				ORGANIZATIONNAME = "Iron Yard";
				TargetAttributes = {
					1E9AE1671D623F7F000793FB = {
						CreatedOnToolsVersion = 7.3.1;
					};
				};
			};
			buildConfigurationList = 1E9AE1631D623F7F000793FB /* Build configuration list for PBXProject "VenueList Final Project" */;
			compatibilityVersion = "Xcode 3.2";
			developmentRegion = English;
			hasScannedForEncodings = 0;
			knownRegions = (
				en,
				Base,
			);
			mainGroup = 1E9AE15F1D623F7F000793FB;
			productRefGroup = 1E9AE1691D623F7F000793FB /* Products */;
			projectDirPath = "";
			projectRoot = "";
			targets = (
				1E9AE1671D623F7F000793FB /* VenueList Final Project */,
			);
		};
/* End PBXProject section */

/* Begin PBXResourcesBuildPhase section */
		1E9AE1661D623F7F000793FB /* Resources */ = {
			isa = PBXResourcesBuildPhase;
			buildActionMask = 2147483647;
			files = (
				1EFBC7FA1D654FD5000B0BCA /* Firebase in Resources */,
				1E9AE1761D623F7F000793FB /* LaunchScreen.storyboard in Resources */,
				1EFBC7F81D652D67000B0BCA /* GoogleService-Info.plist in Resources */,
				1E9AE1731D623F7F000793FB /* Assets.xcassets in Resources */,
				1E9AE1711D623F7F000793FB /* Main.storyboard in Resources */,
			);
			runOnlyForDeploymentPostprocessing = 0;
		};
/* End PBXResourcesBuildPhase section */

/* Begin PBXSourcesBuildPhase section */
		1E9AE1641D623F7F000793FB /* Sources */ = {
			isa = PBXSourcesBuildPhase;
			buildActionMask = 2147483647;
			files = (
				1EFBC8021D6604AB000B0BCA /* temp.m in Sources */,
				1E9AE1B01D63FE00000793FB /* secondFilterViewController.swift in Sources */,
				1E9AE17E1D624065000793FB /* LoginViewController.swift in Sources */,
				1E9AE1841D6240C1000793FB /* FilterTableViewController.swift in Sources */,
				1EF998651D64337900F0D425 /* ResetPasswordViewController.swift in Sources */,
				1E9AE16E1D623F7F000793FB /* ViewController.swift in Sources */,
				1E9AE18A1D6241E5000793FB /* AddVenueTableTableViewController.swift in Sources */,
				1E9AE1881D624122000793FB /* ProfileScreenViewController.swift in Sources */,
				1E9AE16C1D623F7F000793FB /* AppDelegate.swift in Sources */,
				1E9AE1AE1D637345000793FB /* VenueListTableViewController.swift in Sources */,
				1E9AE1861D6240F5000793FB /* MapViewController.swift in Sources */,
				1E9AE18C1D62439F000793FB /* ExploreScreenViewController.swift in Sources */,
				1EF9986A1D64C21300F0D425 /* SIgnUPTableViewController.swift in Sources */,
			);
			runOnlyForDeploymentPostprocessing = 0;
		};
/* End PBXSourcesBuildPhase section */

/* Begin PBXVariantGroup section */
		1E9AE16F1D623F7F000793FB /* Main.storyboard */ = {
			isa = PBXVariantGroup;
			children = (
				1E9AE1701D623F7F000793FB /* Base */,
			);
			name = Main.storyboard;
			sourceTree = "<group>";
		};
		1E9AE1741D623F7F000793FB /* LaunchScreen.storyboard */ = {
			isa = PBXVariantGroup;
			children = (
				1E9AE1751D623F7F000793FB /* Base */,
			);
			name = LaunchScreen.storyboard;
			sourceTree = "<group>";
		};
/* End PBXVariantGroup section */

/* Begin XCBuildConfiguration section */
		1E9AE1781D623F7F000793FB /* Debug */ = {
			isa = XCBuildConfiguration;
			buildSettings = {
				ALWAYS_SEARCH_USER_PATHS = NO;
				CLANG_ANALYZER_NONNULL = YES;
				CLANG_CXX_LANGUAGE_STANDARD = "gnu++0x";
				CLANG_CXX_LIBRARY = "libc++";
				CLANG_ENABLE_MODULES = YES;
				CLANG_ENABLE_OBJC_ARC = YES;
				CLANG_WARN_BOOL_CONVERSION = YES;
				CLANG_WARN_CONSTANT_CONVERSION = YES;
				CLANG_WARN_DIRECT_OBJC_ISA_USAGE = YES_ERROR;
				CLANG_WARN_EMPTY_BODY = YES;
				CLANG_WARN_ENUM_CONVERSION = YES;
				CLANG_WARN_INT_CONVERSION = YES;
				CLANG_WARN_OBJC_ROOT_CLASS = YES_ERROR;
				CLANG_WARN_UNREACHABLE_CODE = YES;
				CLANG_WARN__DUPLICATE_METHOD_MATCH = YES;
				"CODE_SIGN_IDENTITY[sdk=iphoneos*]" = "iPhone Developer";
				COPY_PHASE_STRIP = NO;
				DEBUG_INFORMATION_FORMAT = dwarf;
				ENABLE_STRICT_OBJC_MSGSEND = YES;
				ENABLE_TESTABILITY = YES;
				GCC_C_LANGUAGE_STANDARD = gnu99;
				GCC_DYNAMIC_NO_PIC = NO;
				GCC_NO_COMMON_BLOCKS = YES;
				GCC_OPTIMIZATION_LEVEL = 0;
				GCC_PREPROCESSOR_DEFINITIONS = (
					"DEBUG=1",
					"$(inherited)",
				);
				GCC_WARN_64_TO_32_BIT_CONVERSION = YES;
				GCC_WARN_ABOUT_RETURN_TYPE = YES_ERROR;
				GCC_WARN_UNDECLARED_SELECTOR = YES;
				GCC_WARN_UNINITIALIZED_AUTOS = YES_AGGRESSIVE;
				GCC_WARN_UNUSED_FUNCTION = YES;
				GCC_WARN_UNUSED_VARIABLE = YES;
				IPHONEOS_DEPLOYMENT_TARGET = 9.3;
				MTL_ENABLE_DEBUG_INFO = YES;
				ONLY_ACTIVE_ARCH = YES;
				SDKROOT = iphoneos;
				SWIFT_OPTIMIZATION_LEVEL = "-Onone";
				TARGETED_DEVICE_FAMILY = "1,2";
			};
			name = Debug;
		};
		1E9AE1791D623F7F000793FB /* Release */ = {
			isa = XCBuildConfiguration;
			buildSettings = {
				ALWAYS_SEARCH_USER_PATHS = NO;
				CLANG_ANALYZER_NONNULL = YES;
				CLANG_CXX_LANGUAGE_STANDARD = "gnu++0x";
				CLANG_CXX_LIBRARY = "libc++";
				CLANG_ENABLE_MODULES = YES;
				CLANG_ENABLE_OBJC_ARC = YES;
				CLANG_WARN_BOOL_CONVERSION = YES;
				CLANG_WARN_CONSTANT_CONVERSION = YES;
				CLANG_WARN_DIRECT_OBJC_ISA_USAGE = YES_ERROR;
				CLANG_WARN_EMPTY_BODY = YES;
				CLANG_WARN_ENUM_CONVERSION = YES;
				CLANG_WARN_INT_CONVERSION = YES;
				CLANG_WARN_OBJC_ROOT_CLASS = YES_ERROR;
				CLANG_WARN_UNREACHABLE_CODE = YES;
				CLANG_WARN__DUPLICATE_METHOD_MATCH = YES;
				"CODE_SIGN_IDENTITY[sdk=iphoneos*]" = "iPhone Developer";
				COPY_PHASE_STRIP = NO;
				DEBUG_INFORMATION_FORMAT = "dwarf-with-dsym";
				ENABLE_NS_ASSERTIONS = NO;
				ENABLE_STRICT_OBJC_MSGSEND = YES;
				GCC_C_LANGUAGE_STANDARD = gnu99;
				GCC_NO_COMMON_BLOCKS = YES;
				GCC_WARN_64_TO_32_BIT_CONVERSION = YES;
				GCC_WARN_ABOUT_RETURN_TYPE = YES_ERROR;
				GCC_WARN_UNDECLARED_SELECTOR = YES;
				GCC_WARN_UNINITIALIZED_AUTOS = YES_AGGRESSIVE;
				GCC_WARN_UNUSED_FUNCTION = YES;
				GCC_WARN_UNUSED_VARIABLE = YES;
				IPHONEOS_DEPLOYMENT_TARGET = 9.3;
				MTL_ENABLE_DEBUG_INFO = NO;
				SDKROOT = iphoneos;
				TARGETED_DEVICE_FAMILY = "1,2";
				VALIDATE_PRODUCT = YES;
			};
			name = Release;
		};
		1E9AE17B1D623F7F000793FB /* Debug */ = {
			isa = XCBuildConfiguration;
			buildSettings = {
				ASSETCATALOG_COMPILER_APPICON_NAME = AppIcon;
				CLANG_ENABLE_MODULES = YES;
				ENABLE_BITCODE = NO;
				INFOPLIST_FILE = "VenueList Final Project/Info.plist";
				LD_RUNPATH_SEARCH_PATHS = "$(inherited) @executable_path/Frameworks";
				OTHER_LDFLAGS = "-objC";
				PRODUCT_BUNDLE_IDENTIFIER = "Ironyard.VenueList-Final-Project";
				PRODUCT_NAME = "$(TARGET_NAME)";
				SWIFT_OBJC_BRIDGING_HEADER = "VenueList Final Project/VenueList Final Project-Bridging-Header.h";
				SWIFT_OPTIMIZATION_LEVEL = "-Onone";
			};
			name = Debug;
		};
		1E9AE17C1D623F7F000793FB /* Release */ = {
			isa = XCBuildConfiguration;
			buildSettings = {
				ASSETCATALOG_COMPILER_APPICON_NAME = AppIcon;
				CLANG_ENABLE_MODULES = YES;
				ENABLE_BITCODE = NO;
				INFOPLIST_FILE = "VenueList Final Project/Info.plist";
				LD_RUNPATH_SEARCH_PATHS = "$(inherited) @executable_path/Frameworks";
				OTHER_LDFLAGS = "-objC";
				PRODUCT_BUNDLE_IDENTIFIER = "Ironyard.VenueList-Final-Project";
				PRODUCT_NAME = "$(TARGET_NAME)";
				SWIFT_OBJC_BRIDGING_HEADER = "VenueList Final Project/VenueList Final Project-Bridging-Header.h";
			};
			name = Release;
		};
/* End XCBuildConfiguration section */

/* Begin XCConfigurationList section */
		1E9AE1631D623F7F000793FB /* Build configuration list for PBXProject "VenueList Final Project" */ = {
			isa = XCConfigurationList;
			buildConfigurations = (
				1E9AE1781D623F7F000793FB /* Debug */,
				1E9AE1791D623F7F000793FB /* Release */,
			);
			defaultConfigurationIsVisible = 0;
			defaultConfigurationName = Release;
		};
		1E9AE17A1D623F7F000793FB /* Build configuration list for PBXNativeTarget "VenueList Final Project" */ = {
			isa = XCConfigurationList;
			buildConfigurations = (
				1E9AE17B1D623F7F000793FB /* Debug */,
				1E9AE17C1D623F7F000793FB /* Release */,
			);
			defaultConfigurationIsVisible = 0;
			defaultConfigurationName = Release;
		};
/* End XCConfigurationList section */
	};
	rootObject = 1E9AE1601D623F7F000793FB /* Project object */;
}
